
Microsoft Visual Studio Solution File, Format Version 12.00
# Visual Studio Version 17
VisualStudioVersion = 17.4.33122.133
MinimumVisualStudioVersion = 10.0.40219.1
Project("{9A19103F-16F7-4668-BE54-9A1E7A4F7556}") = "WebApi", "WebApi\WebApi.csproj", "{221D659A-0563-4D63-8AA3-BB218D1FB794}"
EndProject
Global
	GlobalSection(SolutionConfigurationPlatforms) = preSolution
		Debug|Any CPU = Debug|Any CPU
		Release|Any CPU = Release|Any CPU
	EndGlobalSection
	GlobalSection(ProjectConfigurationPlatforms) = postSolution
		{221D659A-0563-4D63-8AA3-BB218D1FB794}.Debug|Any CPU.ActiveCfg = Debug|Any CPU
		{221D659A-0563-4D63-8AA3-BB218D1FB794}.Debug|Any CPU.Build.0 = Debug|Any CPU
		{221D659A-0563-4D63-8AA3-BB218D1FB794}.Release|Any CPU.ActiveCfg = Release|Any CPU
		{221D659A-0563-4D63-8AA3-BB218D1FB794}.Release|Any CPU.Build.0 = Release|Any CPU
	EndGlobalSection
	GlobalSection(SolutionProperties) = preSolution
		HideSolutionNode = FALSE
	EndGlobalSection
	GlobalSection(ExtensibilityGlobals) = postSolution
		SolutionGuid = {75B103CC-552E-4D7E-8642-69C434670EDD}
	EndGlobalSection
EndGlobal
